# THIS IS AN AUTOGENERATED FILE. DO NOT EDIT THIS FILE DIRECTLY.
# yarn lockfile v1


axios@^0.18.0:
  version "0.18.0"
  resolved "https://registry.yarnpkg.com/axios/-/axios-0.18.0.tgz#32d53e4851efdc0a11993b6cd000789d70c05102"
  integrity sha1-MtU+SFHv3AoRmTts0AB4nXDAUQI=
  dependencies:
    follow-redirects "^1.3.0"
    is-buffer "^1.1.5"

debug@=3.1.0:
  version "3.1.0"
  resolved "https://registry.yarnpkg.com/debug/-/debug-3.1.0.tgz#5bb5a0672628b64149566ba16819e61518c67261"
  integrity sha512-OX8XqP7/1a9cqkxYw2yXss15f26NKWBpDXQd0/uK/KPqdQhxbPa994hnzjcE2VqQpDslf55723cKPUOGSmMY3g==
  dependencies:
    ms "2.0.0"

deepmerge@^2.1.0:
  version "2.2.1"
  resolved "https://registry.yarnpkg.com/deepmerge/-/deepmerge-2.2.1.tgz#5d3ff22a01c00f645405a2fbc17d0778a1801170"
  integrity sha512-R9hc1Xa/NOBi9WRVUWg19rl1UB7Tt4kuPd+thNJgFZoxXsTz7ncaPaeIm+40oSGuP33DfMb4sZt1QIGiJzC4EA==

follow-redirects@^1.3.0:
  version "1.5.10"
  resolved "https://registry.yarnpkg.com/follow-redirects/-/follow-redirects-1.5.10.tgz#7b7a9f9aea2fdff36786a94ff643ed07f4ff5e2a"
  integrity sha512-0V5l4Cizzvqt5D44aTXbFZz+FtyXV1vrDN6qrelxtfYQKW0KO0W2T/hkE8xvGa/540LkZlkaUjO4ailYTFtHVQ==
  dependencies:
    debug "=3.1.0"

is-buffer@^1.1.5:
  version "1.1.6"
  resolved "https://registry.yarnpkg.com/is-buffer/-/is-buffer-1.1.6.tgz#efaa2ea9daa0d7ab2ea13a97b2b8ad51fefbe8be"
  integrity sha512-NcdALwpXkTm5Zvvbk7owOUSvVvBKDgKP5/ewfXEznmQFfs4ZRmanOeKBTjRVjka3QFoN6XJ+9F3USqfHqTaU5w==

lodash@^4.17.11:
  version "4.17.11"
  resolved "https://registry.yarnpkg.com/lodash/-/lodash-4.17.11.tgz#b39ea6229ef607ecd89e2c8df12536891cac9b8d"
  integrity sha512-cQKh8igo5QUhZ7lg38DYWAxMvjSAKG0A8wGSVimP07SIUEK2UO+arSRKbRZWtelMtN5V0Hkwh5ryOto/SshYIg==

ms@2.0.0:
  version "2.0.0"
  resolved "https://registry.yarnpkg.com/ms/-/ms-2.0.0.tgz#5608aeadfc00be6c2901df5f9861788de0d597c8"
  integrity sha1-VgiurfwAvmwpAd9fmGF4jeDVl8g=

shvl@^1.3.0:
  version "1.3.1"
  resolved "https://registry.yarnpkg.com/shvl/-/shvl-1.3.1.tgz#6c20a17b4a20b08e9f8cab60c50a92229fcc176e"
  integrity sha512-+rRPP46hloYUAEImJcqprUgXu+05Ikqr4h4V+w5i2zJy37nAqtkQKufs3+3S2fDq6JNRrHMIQhB/Vaex+jgAAw==

vuetify@^1.3.14:
  version "1.3.14"
  resolved "https://registry.yarnpkg.com/vuetify/-/vuetify-1.3.14.tgz#d0dbcbd2c10b5bf5954ba05a823f0a0cacb58661"
  integrity sha512-/xzfxFLv4FFdXi2c+tfQhXiw7MwtcYk3E7gXBMYbZb5kM7emFf3Up4JKvu93o9Qe/wQysMLQk2q1LFCLfJ/Slg==

vuex-persistedstate@^2.5.4:
  version "2.5.4"
  resolved "https://registry.yarnpkg.com/vuex-persistedstate/-/vuex-persistedstate-2.5.4.tgz#a19710ad7f9a08cea4e65fc585924d9fdac7384a"
  integrity sha512-XYJhKIwO+ZVlTaXyxKxnplrJ88Fnvk5aDw753bxzRw5/yMKLQ6lq9CDCBex2fwZaQcLibhtgJOxGCHjy9GLSlQ==
  dependencies:
    deepmerge "^2.1.0"
    shvl "^1.3.0"

vuex-router-sync@^5.0.0:
  version "5.0.0"
  resolved "https://registry.yarnpkg.com/vuex-router-sync/-/vuex-router-sync-5.0.0.tgz#1a225c17a1dd9e2f74af0a1b2c62072e9492b305"
  integrity sha512-Mry2sO4kiAG64714X1CFpTA/shUH1DmkZ26DFDtwoM/yyx6OtMrc+MxrU+7vvbNLO9LSpgwkiJ8W+rlmRtsM+w==
